
Microsoft Visual Studio Solution File, Format Version 12.00
# Visual Studio Version 16
VisualStudioVersion = 16.0.30804.86
MinimumVisualStudioVersion = 10.0.40219.1
Project("{FAE04EC0-301F-11D3-BF4B-00C04F79EFBC}") = "FileZilla", "FileZilla\FileZilla.csproj", "{333C81E8-F264-4178-99F6-4E215683E769}"
EndProject
Global
	GlobalSection(SolutionConfigurationPlatforms) = preSolution
		Debug|Any CPU = Debug|Any CPU
		Release|Any CPU = Release|Any CPU
	EndGlobalSection
	GlobalSection(ProjectConfigurationPlatforms) = postSolution
		{333C81E8-F264-4178-99F6-4E215683E769}.Debug|Any CPU.ActiveCfg = Debug|Any CPU
		{333C81E8-F264-4178-99F6-4E215683E769}.Debug|Any CPU.Build.0 = Debug|Any CPU
		{333C81E8-F264-4178-99F6-4E215683E769}.Release|Any CPU.ActiveCfg = Release|Any CPU
		{333C81E8-F264-4178-99F6-4E215683E769}.Release|Any CPU.Build.0 = Release|Any CPU
	EndGlobalSection
	GlobalSection(SolutionProperties) = preSolution
		HideSolutionNode = FALSE
	EndGlobalSection
	GlobalSection(ExtensibilityGlobals) = postSolution
		SolutionGuid = {EED947B3-96B5-4907-9E97-102D8EB1A084}
	EndGlobalSection
EndGlobal
